
Microsoft Visual Studio Solution File, Format Version 12.00
# Visual Studio Version 16
VisualStudioVersion = 16.0.30804.86
MinimumVisualStudioVersion = 10.0.40219.1
Project("{9A19103F-16F7-4668-BE54-9A1E7A4F7556}") = "SplayTreeInterface", "SplayTreeInterface\SplayTreeInterface.csproj", "{625B5E74-65EF-4BA5-8236-C6B59998BFD9}"
EndProject
Project("{9A19103F-16F7-4668-BE54-9A1E7A4F7556}") = "SplayTree", "SplayTree\SplayTree.csproj", "{24BFE9FF-9343-4CA5-8501-4735DBE94246}"
EndProject
Global
	GlobalSection(SolutionConfigurationPlatforms) = preSolution
		Debug|Any CPU = Debug|Any CPU
		Release|Any CPU = Release|Any CPU
	EndGlobalSection
	GlobalSection(ProjectConfigurationPlatforms) = postSolution
		{625B5E74-65EF-4BA5-8236-C6B59998BFD9}.Debug|Any CPU.ActiveCfg = Debug|Any CPU
		{625B5E74-65EF-4BA5-8236-C6B59998BFD9}.Debug|Any CPU.Build.0 = Debug|Any CPU
		{625B5E74-65EF-4BA5-8236-C6B59998BFD9}.Release|Any CPU.ActiveCfg = Release|Any CPU
		{625B5E74-65EF-4BA5-8236-C6B59998BFD9}.Release|Any CPU.Build.0 = Release|Any CPU
		{24BFE9FF-9343-4CA5-8501-4735DBE94246}.Debug|Any CPU.ActiveCfg = Debug|Any CPU
		{24BFE9FF-9343-4CA5-8501-4735DBE94246}.Debug|Any CPU.Build.0 = Debug|Any CPU
		{24BFE9FF-9343-4CA5-8501-4735DBE94246}.Release|Any CPU.ActiveCfg = Release|Any CPU
		{24BFE9FF-9343-4CA5-8501-4735DBE94246}.Release|Any CPU.Build.0 = Release|Any CPU
	EndGlobalSection
	GlobalSection(SolutionProperties) = preSolution
		HideSolutionNode = FALSE
	EndGlobalSection
	GlobalSection(ExtensibilityGlobals) = postSolution
		SolutionGuid = {76797559-48F2-4008-995C-922A9D4E1846}
	EndGlobalSection
EndGlobal
